
Microsoft Visual Studio Solution File, Format Version 12.00
# Visual Studio Version 16
VisualStudioVersion = 16.0.29911.84
MinimumVisualStudioVersion = 10.0.40219.1
Project("{FAE04EC0-301F-11D3-BF4B-00C04F79EFBC}") = "titaniumwebproxycertificatemaker", "titaniumwebproxycertificatemaker\titaniumwebproxycertificatemaker.csproj", "{F10C25FC-4ABE-493E-8A69-C08C5DA0BA77}"
EndProject
Global
	GlobalSection(SolutionConfigurationPlatforms) = preSolution
		Debug|Any CPU = Debug|Any CPU
		Release|Any CPU = Release|Any CPU
	EndGlobalSection
	GlobalSection(ProjectConfigurationPlatforms) = postSolution
		{F10C25FC-4ABE-493E-8A69-C08C5DA0BA77}.Debug|Any CPU.ActiveCfg = Debug|Any CPU
		{F10C25FC-4ABE-493E-8A69-C08C5DA0BA77}.Debug|Any CPU.Build.0 = Debug|Any CPU
		{F10C25FC-4ABE-493E-8A69-C08C5DA0BA77}.Release|Any CPU.ActiveCfg = Release|Any CPU
		{F10C25FC-4ABE-493E-8A69-C08C5DA0BA77}.Release|Any CPU.Build.0 = Release|Any CPU
	EndGlobalSection
	GlobalSection(SolutionProperties) = preSolution
		HideSolutionNode = FALSE
	EndGlobalSection
	GlobalSection(ExtensibilityGlobals) = postSolution
		SolutionGuid = {CF77D221-5D41-4ADA-BADF-71D02D6ECEA5}
	EndGlobalSection
EndGlobal
